{
    "_readme": [
        "This file locks the dependencies of your project to a known state",
        "Read more about it at https://getcomposer.org/doc/01-basic-usage.md#installing-dependencies",
        "This file is @generated automatically"
    ],
    "content-hash": "6653f8a44e0e96390379637adf0ff88f",
    "packages": [
        {
            "name": "freemius/wordpress-sdk",
            "version": "2.6.0",
            "source": {
                "type": "git",
                "url": "https://github.com/Freemius/wordpress-sdk.git",
                "reference": "8a2bb8f6f45571ec1d05c23421568ca73704176c"
            },
            "dist": {
                "type": "zip",
                "url": "https://api.github.com/repos/Freemius/wordpress-sdk/zipball/8a2bb8f6f45571ec1d05c23421568ca73704176c",
                "reference": "8a2bb8f6f45571ec1d05c23421568ca73704176c",
                "shasum": ""
            },
            "require": {
                "php": ">=5.6"
            },
            "require-dev": {
                "dealerdirect/phpcodesniffer-composer-installer": "^1.0",
                "phpcompatibility/php-compatibility": "^9.3",
                "phpcompatibility/phpcompatibility-wp": "^2.1",
                "phpstan/extension-installer": "^1.3",
                "squizlabs/php_codesniffer": "^3.7",
                "szepeviktor/phpstan-wordpress": "^1.3",
                "wp-coding-standards/wpcs": "^2.3"
            },
            "type": "library",
            "notification-url": "https://packagist.org/downloads/",
            "license": [
                "GPL-3.0-only"
            ],
            "description": "Freemius WordPress SDK",
            "homepage": "https://freemius.com",
            "keywords": [
                "freemius",
                "plugin",
                "sdk",
                "theme",
                "wordpress",
                "wordpress-plugin",
                "wordpress-theme"
            ],
            "support": {
                "issues": "https://github.com/Freemius/wordpress-sdk/issues",
                "source": "https://github.com/Freemius/wordpress-sdk/tree/2.6.0"
            },
            "time": "2023-10-30T10:56:28+00:00"
        },
        {
            "name": "symfony/polyfill-php80",
            "version": "v1.28.0",
            "source": {
                "type": "git",
                "url": "https://github.com/symfony/polyfill-php80.git",
                "reference": "6caa57379c4aec19c0a12a38b59b26487dcfe4b5"
            },
            "dist": {
                "type": "zip",
                "url": "https://api.github.com/repos/symfony/polyfill-php80/zipball/6caa57379c4aec19c0a12a38b59b26487dcfe4b5",
                "reference": "6caa57379c4aec19c0a12a38b59b26487dcfe4b5",
                "shasum": ""
            },
            "require": {
                "php": ">=7.1"
            },
            "type": "library",
            "extra": {
                "branch-alias": {
                    "dev-main": "1.28-dev"
                },
                "thanks": {
                    "name": "symfony/polyfill",
                    "url": "https://github.com/symfony/polyfill"
                }
            },
            "autoload": {
                "files": [
                    "bootstrap.php"
                ],
                "psr-4": {
                    "Symfony\\Polyfill\\Php80\\": ""
                },
                "classmap": [
                    "Resources/stubs"
                ]
            },
            "notification-url": "https://packagist.org/downloads/",
            "license": [
                "MIT"
            ],
            "authors": [
                {
                    "name": "Ion Bazan",
                    "email": "ion.bazan@gmail.com"
                },
                {
                    "name": "Nicolas Grekas",
                    "email": "p@tchwork.com"
                },
                {
                    "name": "Symfony Community",
                    "homepage": "https://symfony.com/contributors"
                }
            ],
            "description": "Symfony polyfill backporting some PHP 8.0+ features to lower PHP versions",
            "homepage": "https://symfony.com",
            "keywords": [
                "compatibility",
                "polyfill",
                "portable",
                "shim"
            ],
            "support": {
                "source": "https://github.com/symfony/polyfill-php80/tree/v1.28.0"
            },
            "funding": [
                {
                    "url": "https://symfony.com/sponsor",
                    "type": "custom"
                },
                {
                    "url": "https://github.com/fabpot",
                    "type": "github"
                },
                {
                    "url": "https://tidelift.com/funding/github/packagist/symfony/symfony",
                    "type": "tidelift"
                }
            ],
            "time": "2023-01-26T09:26:14+00:00"
        },
        {
            "name": "symfony/process",
            "version": "v5.4.28",
            "source": {
                "type": "git",
                "url": "https://github.com/symfony/process.git",
                "reference": "45261e1fccad1b5447a8d7a8e67aa7b4a9798b7b"
            },
            "dist": {
                "type": "zip",
                "url": "https://api.github.com/repos/symfony/process/zipball/45261e1fccad1b5447a8d7a8e67aa7b4a9798b7b",
                "reference": "45261e1fccad1b5447a8d7a8e67aa7b4a9798b7b",
                "shasum": ""
            },
            "require": {
                "php": ">=7.2.5",
                "symfony/polyfill-php80": "^1.16"
            },
            "type": "library",
            "autoload": {
                "psr-4": {
                    "Symfony\\Component\\Process\\": ""
                },
                "exclude-from-classmap": [
                    "/Tests/"
                ]
            },
            "notification-url": "https://packagist.org/downloads/",
            "license": [
                "MIT"
            ],
            "authors": [
                {
                    "name": "Fabien Potencier",
                    "email": "fabien@symfony.com"
                },
                {
                    "name": "Symfony Community",
                    "homepage": "https://symfony.com/contributors"
                }
            ],
            "description": "Executes commands in sub-processes",
            "homepage": "https://symfony.com",
            "support": {
                "source": "https://github.com/symfony/process/tree/v5.4.28"
            },
            "funding": [
                {
                    "url": "https://symfony.com/sponsor",
                    "type": "custom"
                },
                {
                    "url": "https://github.com/fabpot",
                    "type": "github"
                },
                {
                    "url": "https://tidelift.com/funding/github/packagist/symfony/symfony",
                    "type": "tidelift"
                }
            ],
            "time": "2023-08-07T10:36:04+00:00"
        },
        {
            "name": "woocommerce/action-scheduler",
            "version": "3.6.4",
            "source": {
                "type": "git",
                "url": "https://github.com/woocommerce/action-scheduler.git",
                "reference": "e7dafe215be5ef823392204535ee2e241f99a8cb"
            },
            "dist": {
                "type": "zip",
                "url": "https://api.github.com/repos/woocommerce/action-scheduler/zipball/e7dafe215be5ef823392204535ee2e241f99a8cb",
                "reference": "e7dafe215be5ef823392204535ee2e241f99a8cb",
                "shasum": ""
            },
            "require-dev": {
                "phpunit/phpunit": "^7.5",
                "woocommerce/woocommerce-sniffs": "0.1.0",
                "wp-cli/wp-cli": "~2.5.0",
                "yoast/phpunit-polyfills": "^1.0"
            },
            "type": "wordpress-plugin",
            "extra": {
                "scripts-description": {
                    "test": "Run unit tests",
                    "phpcs": "Analyze code against the WordPress coding standards with PHP_CodeSniffer",
                    "phpcbf": "Fix coding standards warnings/errors automatically with PHP Code Beautifier"
                }
            },
            "notification-url": "https://packagist.org/downloads/",
            "license": [
                "GPL-3.0-or-later"
            ],
            "description": "Action Scheduler for WordPress and WooCommerce",
            "homepage": "https://actionscheduler.org/",
            "support": {
                "issues": "https://github.com/woocommerce/action-scheduler/issues",
                "source": "https://github.com/woocommerce/action-scheduler/tree/3.6.4"
            },
            "time": "2023-10-11T18:24:47+00:00"
        }
    ],
    "packages-dev": [],
    "aliases": [],
    "minimum-stability": "stable",
    "stability-flags": [],
    "prefer-stable": false,
    "prefer-lowest": false,
    "platform": [],
    "platform-dev": [],
    "plugin-api-version": "2.3.0"
}
